// !$*UTF8*$!
{
	archiveVersion = 1;
	classes = {
	};
	objectVersion = 50;
	objects = {

/* Begin PBXBuildFile section */
		A51625F6247CFED10045A98B /* SampleFile.swift in Sources */ = {isa = PBXBuildFile; fileRef = A5FDA982247CFAF40058DBCD /* SampleFile.swift */; };
		A52337FB24777C7600BF049E /* AppDelegate.swift in Sources */ = {isa = PBXBuildFile; fileRef = A52337FA24777C7600BF049E /* AppDelegate.swift */; };
		A52337FD24777C7600BF049E /* SceneDelegate.swift in Sources */ = {isa = PBXBuildFile; fileRef = A52337FC24777C7600BF049E /* SceneDelegate.swift */; };
		A52337FF24777C7600BF049E /* ViewController.swift in Sources */ = {isa = PBXBuildFile; fileRef = A52337FE24777C7600BF049E /* ViewController.swift */; };
		A523380224777C7600BF049E /* Main.storyboard in Resources */ = {isa = PBXBuildFile; fileRef = A523380024777C7600BF049E /* Main.storyboard */; };
		A523380424777C7800BF049E /* Assets.xcassets in Resources */ = {isa = PBXBuildFile; fileRef = A523380324777C7800BF049E /* Assets.xcassets */; };
		A523380724777C7800BF049E /* LaunchScreen.storyboard in Resources */ = {isa = PBXBuildFile; fileRef = A523380524777C7800BF049E /* LaunchScreen.storyboard */; };
		A523380F24777DDC00BF049E /* GitHubCell.swift in Sources */ = {isa = PBXBuildFile; fileRef = A523380E24777DDC00BF049E /* GitHubCell.swift */; };
		A523381124777E3400BF049E /* GitHubCell.xib in Resources */ = {isa = PBXBuildFile; fileRef = A523381024777E3400BF049E /* GitHubCell.xib */; };
		A5233813247789D000BF049E /* GitHubData.swift in Sources */ = {isa = PBXBuildFile; fileRef = A5233812247789D000BF049E /* GitHubData.swift */; };
		A537025F247E00D10082F040 /* Kingfisher.framework in Frameworks */ = {isa = PBXBuildFile; fileRef = A537025C247E00D00082F040 /* Kingfisher.framework */; };
		A5370260247E00D10082F040 /* Kingfisher.framework in Embed Frameworks */ = {isa = PBXBuildFile; fileRef = A537025C247E00D00082F040 /* Kingfisher.framework */; settings = {ATTRIBUTES = (CodeSignOnCopy, RemoveHeadersOnCopy, ); }; };
		A5370261247E00D10082F040 /* SwiftyJSON.framework in Frameworks */ = {isa = PBXBuildFile; fileRef = A537025D247E00D10082F040 /* SwiftyJSON.framework */; };
		A5370262247E00D10082F040 /* SwiftyJSON.framework in Embed Frameworks */ = {isa = PBXBuildFile; fileRef = A537025D247E00D10082F040 /* SwiftyJSON.framework */; settings = {ATTRIBUTES = (CodeSignOnCopy, RemoveHeadersOnCopy, ); }; };
		A5370263247E00D10082F040 /* Alamofire.framework in Frameworks */ = {isa = PBXBuildFile; fileRef = A537025E247E00D10082F040 /* Alamofire.framework */; };
		A5370264247E00D10082F040 /* Alamofire.framework in Embed Frameworks */ = {isa = PBXBuildFile; fileRef = A537025E247E00D10082F040 /* Alamofire.framework */; settings = {ATTRIBUTES = (CodeSignOnCopy, RemoveHeadersOnCopy, ); }; };
		A5F3F435247CBE1300D1B9AB /* HomeworkDay4Tests.swift in Sources */ = {isa = PBXBuildFile; fileRef = A5F3F434247CBE1300D1B9AB /* HomeworkDay4Tests.swift */; };
		A5FDA983247CFAF40058DBCD /* SampleFile.swift in Sources */ = {isa = PBXBuildFile; fileRef = A5FDA982247CFAF40058DBCD /* SampleFile.swift */; };
/* End PBXBuildFile section */

/* Begin PBXContainerItemProxy section */
		A5F3F437247CBE1300D1B9AB /* PBXContainerItemProxy */ = {
			isa = PBXContainerItemProxy;
			containerPortal = A52337EF24777C7600BF049E /* Project object */;
			proxyType = 1;
			remoteGlobalIDString = A52337F624777C7600BF049E;
			remoteInfo = HomeworkDay4;
		};
/* End PBXContainerItemProxy section */

/* Begin PBXCopyFilesBuildPhase section */
		A5370265247E00D10082F040 /* Embed Frameworks */ = {
			isa = PBXCopyFilesBuildPhase;
			buildActionMask = 2147483647;
			dstPath = "";
			dstSubfolderSpec = 10;
			files = (
				A5370262247E00D10082F040 /* SwiftyJSON.framework in Embed Frameworks */,
				A5370264247E00D10082F040 /* Alamofire.framework in Embed Frameworks */,
				A5370260247E00D10082F040 /* Kingfisher.framework in Embed Frameworks */,
			);
			name = "Embed Frameworks";
			runOnlyForDeploymentPostprocessing = 0;
		};
/* End PBXCopyFilesBuildPhase section */

/* Begin PBXFileReference section */
		A52337F724777C7600BF049E /* HomeworkDay4.app */ = {isa = PBXFileReference; explicitFileType = wrapper.application; includeInIndex = 0; path = HomeworkDay4.app; sourceTree = BUILT_PRODUCTS_DIR; };
		A52337FA24777C7600BF049E /* AppDelegate.swift */ = {isa = PBXFileReference; lastKnownFileType = sourcecode.swift; path = AppDelegate.swift; sourceTree = "<group>"; };
		A52337FC24777C7600BF049E /* SceneDelegate.swift */ = {isa = PBXFileReference; lastKnownFileType = sourcecode.swift; path = SceneDelegate.swift; sourceTree = "<group>"; };
		A52337FE24777C7600BF049E /* ViewController.swift */ = {isa = PBXFileReference; lastKnownFileType = sourcecode.swift; path = ViewController.swift; sourceTree = "<group>"; };
		A523380124777C7600BF049E /* Base */ = {isa = PBXFileReference; lastKnownFileType = file.storyboard; name = Base; path = Base.lproj/Main.storyboard; sourceTree = "<group>"; };
		A523380324777C7800BF049E /* Assets.xcassets */ = {isa = PBXFileReference; lastKnownFileType = folder.assetcatalog; path = Assets.xcassets; sourceTree = "<group>"; };
		A523380624777C7800BF049E /* Base */ = {isa = PBXFileReference; lastKnownFileType = file.storyboard; name = Base; path = Base.lproj/LaunchScreen.storyboard; sourceTree = "<group>"; };
		A523380824777C7800BF049E /* Info.plist */ = {isa = PBXFileReference; lastKnownFileType = text.plist.xml; path = Info.plist; sourceTree = "<group>"; };
		A523380E24777DDC00BF049E /* GitHubCell.swift */ = {isa = PBXFileReference; lastKnownFileType = sourcecode.swift; path = GitHubCell.swift; sourceTree = "<group>"; };
		A523381024777E3400BF049E /* GitHubCell.xib */ = {isa = PBXFileReference; lastKnownFileType = file.xib; path = GitHubCell.xib; sourceTree = "<group>"; };
		A5233812247789D000BF049E /* GitHubData.swift */ = {isa = PBXFileReference; lastKnownFileType = sourcecode.swift; path = GitHubData.swift; sourceTree = "<group>"; };
		A537025C247E00D00082F040 /* Kingfisher.framework */ = {isa = PBXFileReference; lastKnownFileType = wrapper.framework; name = Kingfisher.framework; path = Carthage/Build/iOS/Kingfisher.framework; sourceTree = "<group>"; };
		A537025D247E00D10082F040 /* SwiftyJSON.framework */ = {isa = PBXFileReference; lastKnownFileType = wrapper.framework; name = SwiftyJSON.framework; path = Carthage/Build/iOS/SwiftyJSON.framework; sourceTree = "<group>"; };
		A537025E247E00D10082F040 /* Alamofire.framework */ = {isa = PBXFileReference; lastKnownFileType = wrapper.framework; name = Alamofire.framework; path = Carthage/Build/iOS/Alamofire.framework; sourceTree = "<group>"; };
		A5F3F432247CBE1300D1B9AB /* HomeworkDay4Tests.xctest */ = {isa = PBXFileReference; explicitFileType = wrapper.cfbundle; includeInIndex = 0; path = HomeworkDay4Tests.xctest; sourceTree = BUILT_PRODUCTS_DIR; };
		A5F3F434247CBE1300D1B9AB /* HomeworkDay4Tests.swift */ = {isa = PBXFileReference; lastKnownFileType = sourcecode.swift; path = HomeworkDay4Tests.swift; sourceTree = "<group>"; };
		A5F3F436247CBE1300D1B9AB /* Info.plist */ = {isa = PBXFileReference; lastKnownFileType = text.plist.xml; path = Info.plist; sourceTree = "<group>"; };
		A5FDA982247CFAF40058DBCD /* SampleFile.swift */ = {isa = PBXFileReference; lastKnownFileType = sourcecode.swift; path = SampleFile.swift; sourceTree = "<group>"; };
/* End PBXFileReference section */

/* Begin PBXFrameworksBuildPhase section */
		A52337F424777C7600BF049E /* Frameworks */ = {
			isa = PBXFrameworksBuildPhase;
			buildActionMask = 2147483647;
			files = (
				A5370261247E00D10082F040 /* SwiftyJSON.framework in Frameworks */,
				A5370263247E00D10082F040 /* Alamofire.framework in Frameworks */,
				A537025F247E00D10082F040 /* Kingfisher.framework in Frameworks */,
			);
			runOnlyForDeploymentPostprocessing = 0;
		};
		A5F3F42F247CBE1300D1B9AB /* Frameworks */ = {
			isa = PBXFrameworksBuildPhase;
			buildActionMask = 2147483647;
			files = (
			);
			runOnlyForDeploymentPostprocessing = 0;
		};
/* End PBXFrameworksBuildPhase section */

/* Begin PBXGroup section */
		A52337EE24777C7600BF049E = {
			isa = PBXGroup;
			children = (
				A52337F924777C7600BF049E /* HomeworkDay4 */,
				A5F3F433247CBE1300D1B9AB /* HomeworkDay4Tests */,
				A52337F824777C7600BF049E /* Products */,
				A523381824779A0F00BF049E /* Frameworks */,
			);
			sourceTree = "<group>";
		};
		A52337F824777C7600BF049E /* Products */ = {
			isa = PBXGroup;
			children = (
				A52337F724777C7600BF049E /* HomeworkDay4.app */,
				A5F3F432247CBE1300D1B9AB /* HomeworkDay4Tests.xctest */,
			);
			name = Products;
			sourceTree = "<group>";
		};
		A52337F924777C7600BF049E /* HomeworkDay4 */ = {
			isa = PBXGroup;
			children = (
				A52337FA24777C7600BF049E /* AppDelegate.swift */,
				A52337FC24777C7600BF049E /* SceneDelegate.swift */,
				A52337FE24777C7600BF049E /* ViewController.swift */,
				A5233812247789D000BF049E /* GitHubData.swift */,
				A523380024777C7600BF049E /* Main.storyboard */,
				A523380E24777DDC00BF049E /* GitHubCell.swift */,
				A523381024777E3400BF049E /* GitHubCell.xib */,
				A523380324777C7800BF049E /* Assets.xcassets */,
				A5FDA982247CFAF40058DBCD /* SampleFile.swift */,
				A523380524777C7800BF049E /* LaunchScreen.storyboard */,
				A523380824777C7800BF049E /* Info.plist */,
			);
			path = HomeworkDay4;
			sourceTree = "<group>";
		};
		A523381824779A0F00BF049E /* Frameworks */ = {
			isa = PBXGroup;
			children = (
				A537025E247E00D10082F040 /* Alamofire.framework */,
				A537025C247E00D00082F040 /* Kingfisher.framework */,
				A537025D247E00D10082F040 /* SwiftyJSON.framework */,
			);
			name = Frameworks;
			sourceTree = "<group>";
		};
		A5F3F433247CBE1300D1B9AB /* HomeworkDay4Tests */ = {
			isa = PBXGroup;
			children = (
				A5F3F434247CBE1300D1B9AB /* HomeworkDay4Tests.swift */,
				A5F3F436247CBE1300D1B9AB /* Info.plist */,
			);
			path = HomeworkDay4Tests;
			sourceTree = "<group>";
		};
/* End PBXGroup section */

/* Begin PBXNativeTarget section */
		A52337F624777C7600BF049E /* HomeworkDay4 */ = {
			isa = PBXNativeTarget;
			buildConfigurationList = A523380B24777C7800BF049E /* Build configuration list for PBXNativeTarget "HomeworkDay4" */;
			buildPhases = (
				A52337F324777C7600BF049E /* Sources */,
				A52337F424777C7600BF049E /* Frameworks */,
				A52337F524777C7600BF049E /* Resources */,
				A5370265247E00D10082F040 /* Embed Frameworks */,
			);
			buildRules = (
			);
			dependencies = (
			);
			name = HomeworkDay4;
			productName = HomeworkDay4;
			productReference = A52337F724777C7600BF049E /* HomeworkDay4.app */;
			productType = "com.apple.product-type.application";
		};
		A5F3F431247CBE1300D1B9AB /* HomeworkDay4Tests */ = {
			isa = PBXNativeTarget;
			buildConfigurationList = A5F3F43B247CBE1300D1B9AB /* Build configuration list for PBXNativeTarget "HomeworkDay4Tests" */;
			buildPhases = (
				A5F3F42E247CBE1300D1B9AB /* Sources */,
				A5F3F42F247CBE1300D1B9AB /* Frameworks */,
				A5F3F430247CBE1300D1B9AB /* Resources */,
			);
			buildRules = (
			);
			dependencies = (
				A5F3F438247CBE1300D1B9AB /* PBXTargetDependency */,
			);
			name = HomeworkDay4Tests;
			productName = HomeworkDay4Tests;
			productReference = A5F3F432247CBE1300D1B9AB /* HomeworkDay4Tests.xctest */;
			productType = "com.apple.product-type.bundle.unit-test";
		};
/* End PBXNativeTarget section */

/* Begin PBXProject section */
		A52337EF24777C7600BF049E /* Project object */ = {
			isa = PBXProject;
			attributes = {
				LastSwiftUpdateCheck = 1150;
				LastUpgradeCheck = 1140;
				ORGANIZATIONNAME = "Fumiaki Kobayashi";
				TargetAttributes = {
					A52337F624777C7600BF049E = {
						CreatedOnToolsVersion = 11.4.1;
					};
					A5F3F431247CBE1300D1B9AB = {
						CreatedOnToolsVersion = 11.5;
						TestTargetID = A52337F624777C7600BF049E;
					};
				};
			};
			buildConfigurationList = A52337F224777C7600BF049E /* Build configuration list for PBXProject "HomeworkDay4" */;
			compatibilityVersion = "Xcode 9.3";
			developmentRegion = en;
			hasScannedForEncodings = 0;
			knownRegions = (
				en,
				Base,
			);
			mainGroup = A52337EE24777C7600BF049E;
			productRefGroup = A52337F824777C7600BF049E /* Products */;
			projectDirPath = "";
			projectRoot = "";
			targets = (
				A52337F624777C7600BF049E /* HomeworkDay4 */,
				A5F3F431247CBE1300D1B9AB /* HomeworkDay4Tests */,
			);
		};
/* End PBXProject section */

/* Begin PBXResourcesBuildPhase section */
		A52337F524777C7600BF049E /* Resources */ = {
			isa = PBXResourcesBuildPhase;
			buildActionMask = 2147483647;
			files = (
				A523380724777C7800BF049E /* LaunchScreen.storyboard in Resources */,
				A523380424777C7800BF049E /* Assets.xcassets in Resources */,
				A523381124777E3400BF049E /* GitHubCell.xib in Resources */,
				A523380224777C7600BF049E /* Main.storyboard in Resources */,
			);
			runOnlyForDeploymentPostprocessing = 0;
		};
		A5F3F430247CBE1300D1B9AB /* Resources */ = {
			isa = PBXResourcesBuildPhase;
			buildActionMask = 2147483647;
			files = (
			);
			runOnlyForDeploymentPostprocessing = 0;
		};
/* End PBXResourcesBuildPhase section */

/* Begin PBXSourcesBuildPhase section */
		A52337F324777C7600BF049E /* Sources */ = {
			isa = PBXSourcesBuildPhase;
			buildActionMask = 2147483647;
			files = (
				A52337FF24777C7600BF049E /* ViewController.swift in Sources */,
				A5FDA983247CFAF40058DBCD /* SampleFile.swift in Sources */,
				A52337FB24777C7600BF049E /* AppDelegate.swift in Sources */,
				A523380F24777DDC00BF049E /* GitHubCell.swift in Sources */,
				A52337FD24777C7600BF049E /* SceneDelegate.swift in Sources */,
				A5233813247789D000BF049E /* GitHubData.swift in Sources */,
			);
			runOnlyForDeploymentPostprocessing = 0;
		};
		A5F3F42E247CBE1300D1B9AB /* Sources */ = {
			isa = PBXSourcesBuildPhase;
			buildActionMask = 2147483647;
			files = (
				A5F3F435247CBE1300D1B9AB /* HomeworkDay4Tests.swift in Sources */,
				A51625F6247CFED10045A98B /* SampleFile.swift in Sources */,
			);
			runOnlyForDeploymentPostprocessing = 0;
		};
/* End PBXSourcesBuildPhase section */

/* Begin PBXTargetDependency section */
		A5F3F438247CBE1300D1B9AB /* PBXTargetDependency */ = {
			isa = PBXTargetDependency;
			target = A52337F624777C7600BF049E /* HomeworkDay4 */;
			targetProxy = A5F3F437247CBE1300D1B9AB /* PBXContainerItemProxy */;
		};
/* End PBXTargetDependency section */

/* Begin PBXVariantGroup section */
		A523380024777C7600BF049E /* Main.storyboard */ = {
			isa = PBXVariantGroup;
			children = (
				A523380124777C7600BF049E /* Base */,
			);
			name = Main.storyboard;
			sourceTree = "<group>";
		};
		A523380524777C7800BF049E /* LaunchScreen.storyboard */ = {
			isa = PBXVariantGroup;
			children = (
				A523380624777C7800BF049E /* Base */,
			);
			name = LaunchScreen.storyboard;
			sourceTree = "<group>";
		};
/* End PBXVariantGroup section */

/* Begin XCBuildConfiguration section */
		A523380924777C7800BF049E /* Debug */ = {
			isa = XCBuildConfiguration;
			buildSettings = {
				ALWAYS_SEARCH_USER_PATHS = NO;
				CLANG_ANALYZER_NONNULL = YES;
				CLANG_ANALYZER_NUMBER_OBJECT_CONVERSION = YES_AGGRESSIVE;
				CLANG_CXX_LANGUAGE_STANDARD = "gnu++14";
				CLANG_CXX_LIBRARY = "libc++";
				CLANG_ENABLE_MODULES = YES;
				CLANG_ENABLE_OBJC_ARC = YES;
				CLANG_ENABLE_OBJC_WEAK = YES;
				CLANG_WARN_BLOCK_CAPTURE_AUTORELEASING = YES;
				CLANG_WARN_BOOL_CONVERSION = YES;
				CLANG_WARN_COMMA = YES;
				CLANG_WARN_CONSTANT_CONVERSION = YES;
				CLANG_WARN_DEPRECATED_OBJC_IMPLEMENTATIONS = YES;
				CLANG_WARN_DIRECT_OBJC_ISA_USAGE = YES_ERROR;
				CLANG_WARN_DOCUMENTATION_COMMENTS = YES;
				CLANG_WARN_EMPTY_BODY = YES;
				CLANG_WARN_ENUM_CONVERSION = YES;
				CLANG_WARN_INFINITE_RECURSION = YES;
				CLANG_WARN_INT_CONVERSION = YES;
				CLANG_WARN_NON_LITERAL_NULL_CONVERSION = YES;
				CLANG_WARN_OBJC_IMPLICIT_RETAIN_SELF = YES;
				CLANG_WARN_OBJC_LITERAL_CONVERSION = YES;
				CLANG_WARN_OBJC_ROOT_CLASS = YES_ERROR;
				CLANG_WARN_RANGE_LOOP_ANALYSIS = YES;
				CLANG_WARN_STRICT_PROTOTYPES = YES;
				CLANG_WARN_SUSPICIOUS_MOVE = YES;
				CLANG_WARN_UNGUARDED_AVAILABILITY = YES_AGGRESSIVE;
				CLANG_WARN_UNREACHABLE_CODE = YES;
				CLANG_WARN__DUPLICATE_METHOD_MATCH = YES;
				COPY_PHASE_STRIP = NO;
				DEBUG_INFORMATION_FORMAT = dwarf;
				DEFINES_MODULE = YES;
				ENABLE_STRICT_OBJC_MSGSEND = YES;
				ENABLE_TESTABILITY = YES;
				GCC_C_LANGUAGE_STANDARD = gnu11;
				GCC_DYNAMIC_NO_PIC = NO;
				GCC_NO_COMMON_BLOCKS = YES;
				GCC_OPTIMIZATION_LEVEL = 0;
				GCC_PREPROCESSOR_DEFINITIONS = (
					"DEBUG=1",
					"$(inherited)",
				);
				GCC_WARN_64_TO_32_BIT_CONVERSION = YES;
				GCC_WARN_ABOUT_RETURN_TYPE = YES_ERROR;
				GCC_WARN_UNDECLARED_SELECTOR = YES;
				GCC_WARN_UNINITIALIZED_AUTOS = YES_AGGRESSIVE;
				GCC_WARN_UNUSED_FUNCTION = YES;
				GCC_WARN_UNUSED_VARIABLE = YES;
				IPHONEOS_DEPLOYMENT_TARGET = 13.4;
				MTL_ENABLE_DEBUG_INFO = INCLUDE_SOURCE;
				MTL_FAST_MATH = YES;
				ONLY_ACTIVE_ARCH = YES;
				SDKROOT = iphoneos;
				SWIFT_ACTIVE_COMPILATION_CONDITIONS = DEBUG;
				SWIFT_OPTIMIZATION_LEVEL = "-Onone";
			};
			name = Debug;
		};
		A523380A24777C7800BF049E /* Release */ = {
			isa = XCBuildConfiguration;
			buildSettings = {
				ALWAYS_SEARCH_USER_PATHS = NO;
				CLANG_ANALYZER_NONNULL = YES;
				CLANG_ANALYZER_NUMBER_OBJECT_CONVERSION = YES_AGGRESSIVE;
				CLANG_CXX_LANGUAGE_STANDARD = "gnu++14";
				CLANG_CXX_LIBRARY = "libc++";
				CLANG_ENABLE_MODULES = YES;
				CLANG_ENABLE_OBJC_ARC = YES;
				CLANG_ENABLE_OBJC_WEAK = YES;
				CLANG_WARN_BLOCK_CAPTURE_AUTORELEASING = YES;
				CLANG_WARN_BOOL_CONVERSION = YES;
				CLANG_WARN_COMMA = YES;
				CLANG_WARN_CONSTANT_CONVERSION = YES;
				CLANG_WARN_DEPRECATED_OBJC_IMPLEMENTATIONS = YES;
				CLANG_WARN_DIRECT_OBJC_ISA_USAGE = YES_ERROR;
				CLANG_WARN_DOCUMENTATION_COMMENTS = YES;
				CLANG_WARN_EMPTY_BODY = YES;
				CLANG_WARN_ENUM_CONVERSION = YES;
				CLANG_WARN_INFINITE_RECURSION = YES;
				CLANG_WARN_INT_CONVERSION = YES;
				CLANG_WARN_NON_LITERAL_NULL_CONVERSION = YES;
				CLANG_WARN_OBJC_IMPLICIT_RETAIN_SELF = YES;
				CLANG_WARN_OBJC_LITERAL_CONVERSION = YES;
				CLANG_WARN_OBJC_ROOT_CLASS = YES_ERROR;
				CLANG_WARN_RANGE_LOOP_ANALYSIS = YES;
				CLANG_WARN_STRICT_PROTOTYPES = YES;
				CLANG_WARN_SUSPICIOUS_MOVE = YES;
				CLANG_WARN_UNGUARDED_AVAILABILITY = YES_AGGRESSIVE;
				CLANG_WARN_UNREACHABLE_CODE = YES;
				CLANG_WARN__DUPLICATE_METHOD_MATCH = YES;
				COPY_PHASE_STRIP = NO;
				DEBUG_INFORMATION_FORMAT = "dwarf-with-dsym";
				DEFINES_MODULE = YES;
				ENABLE_NS_ASSERTIONS = NO;
				ENABLE_STRICT_OBJC_MSGSEND = YES;
				GCC_C_LANGUAGE_STANDARD = gnu11;
				GCC_NO_COMMON_BLOCKS = YES;
				GCC_WARN_64_TO_32_BIT_CONVERSION = YES;
				GCC_WARN_ABOUT_RETURN_TYPE = YES_ERROR;
				GCC_WARN_UNDECLARED_SELECTOR = YES;
				GCC_WARN_UNINITIALIZED_AUTOS = YES_AGGRESSIVE;
				GCC_WARN_UNUSED_FUNCTION = YES;
				GCC_WARN_UNUSED_VARIABLE = YES;
				IPHONEOS_DEPLOYMENT_TARGET = 13.4;
				MTL_ENABLE_DEBUG_INFO = NO;
				MTL_FAST_MATH = YES;
				SDKROOT = iphoneos;
				SWIFT_COMPILATION_MODE = wholemodule;
				SWIFT_OPTIMIZATION_LEVEL = "-O";
				VALIDATE_PRODUCT = YES;
			};
			name = Release;
		};
		A523380C24777C7800BF049E /* Debug */ = {
			isa = XCBuildConfiguration;
			buildSettings = {
				ASSETCATALOG_COMPILER_APPICON_NAME = AppIcon;
				CODE_SIGN_STYLE = Automatic;
				DEVELOPMENT_TEAM = QCVJB22ZX4;
				FRAMEWORK_SEARCH_PATHS = "$(PROJECT_DIR)/Carthage/Build/iOS";
				INFOPLIST_FILE = HomeworkDay4/Info.plist;
				LD_RUNPATH_SEARCH_PATHS = (
					"$(inherited)",
					"@executable_path/Frameworks",
				);
				PRODUCT_BUNDLE_IDENTIFIER = "jp.co.nissan.mail.fumiaki-kobayashi.HomeworkDay4";
				PRODUCT_NAME = "$(TARGET_NAME)";
				SWIFT_VERSION = 5.0;
				TARGETED_DEVICE_FAMILY = 1;
			};
			name = Debug;
		};
		A523380D24777C7800BF049E /* Release */ = {
			isa = XCBuildConfiguration;
			buildSettings = {
				ASSETCATALOG_COMPILER_APPICON_NAME = AppIcon;
				CODE_SIGN_STYLE = Automatic;
				DEVELOPMENT_TEAM = QCVJB22ZX4;
				FRAMEWORK_SEARCH_PATHS = "$(PROJECT_DIR)/Carthage/Build/iOS";
				INFOPLIST_FILE = HomeworkDay4/Info.plist;
				LD_RUNPATH_SEARCH_PATHS = (
					"$(inherited)",
					"@executable_path/Frameworks",
				);
				PRODUCT_BUNDLE_IDENTIFIER = "jp.co.nissan.mail.fumiaki-kobayashi.HomeworkDay4";
				PRODUCT_NAME = "$(TARGET_NAME)";
				SWIFT_VERSION = 5.0;
				TARGETED_DEVICE_FAMILY = 1;
			};
			name = Release;
		};
		A5F3F439247CBE1300D1B9AB /* Debug */ = {
			isa = XCBuildConfiguration;
			buildSettings = {
				BUNDLE_LOADER = "$(TEST_HOST)";
				CODE_SIGN_STYLE = Automatic;
				DEVELOPMENT_TEAM = QCVJB22ZX4;
				FRAMEWORK_SEARCH_PATHS = "$(PROJECT_DIR)/Carthage/Build/iOS";
				INFOPLIST_FILE = HomeworkDay4Tests/Info.plist;
				IPHONEOS_DEPLOYMENT_TARGET = 13.5;
				LD_RUNPATH_SEARCH_PATHS = (
					"$(inherited)",
					"@executable_path/Frameworks",
					"@loader_path/Frameworks",
				);
				PRODUCT_BUNDLE_IDENTIFIER = "jp.co.nissan.mail.fumiaki-kobayashi.HomeworkDay4Tests";
				PRODUCT_NAME = "$(TARGET_NAME)";
				SWIFT_VERSION = 5.0;
				TARGETED_DEVICE_FAMILY = "1,2";
				TEST_HOST = "$(BUILT_PRODUCTS_DIR)/HomeworkDay4.app/HomeworkDay4";
			};
			name = Debug;
		};
		A5F3F43A247CBE1300D1B9AB /* Release */ = {
			isa = XCBuildConfiguration;
			buildSettings = {
				BUNDLE_LOADER = "$(TEST_HOST)";
				CODE_SIGN_STYLE = Automatic;
				DEVELOPMENT_TEAM = QCVJB22ZX4;
				FRAMEWORK_SEARCH_PATHS = "$(PROJECT_DIR)/Carthage/Build/iOS";
				INFOPLIST_FILE = HomeworkDay4Tests/Info.plist;
				IPHONEOS_DEPLOYMENT_TARGET = 13.5;
				LD_RUNPATH_SEARCH_PATHS = (
					"$(inherited)",
					"@executable_path/Frameworks",
					"@loader_path/Frameworks",
				);
				PRODUCT_BUNDLE_IDENTIFIER = "jp.co.nissan.mail.fumiaki-kobayashi.HomeworkDay4Tests";
				PRODUCT_NAME = "$(TARGET_NAME)";
				SWIFT_VERSION = 5.0;
				TARGETED_DEVICE_FAMILY = "1,2";
				TEST_HOST = "$(BUILT_PRODUCTS_DIR)/HomeworkDay4.app/HomeworkDay4";
			};
			name = Release;
		};
/* End XCBuildConfiguration section */

/* Begin XCConfigurationList section */
		A52337F224777C7600BF049E /* Build configuration list for PBXProject "HomeworkDay4" */ = {
			isa = XCConfigurationList;
			buildConfigurations = (
				A523380924777C7800BF049E /* Debug */,
				A523380A24777C7800BF049E /* Release */,
			);
			defaultConfigurationIsVisible = 0;
			defaultConfigurationName = Release;
		};
		A523380B24777C7800BF049E /* Build configuration list for PBXNativeTarget "HomeworkDay4" */ = {
			isa = XCConfigurationList;
			buildConfigurations = (
				A523380C24777C7800BF049E /* Debug */,
				A523380D24777C7800BF049E /* Release */,
			);
			defaultConfigurationIsVisible = 0;
			defaultConfigurationName = Release;
		};
		A5F3F43B247CBE1300D1B9AB /* Build configuration list for PBXNativeTarget "HomeworkDay4Tests" */ = {
			isa = XCConfigurationList;
			buildConfigurations = (
				A5F3F439247CBE1300D1B9AB /* Debug */,
				A5F3F43A247CBE1300D1B9AB /* Release */,
			);
			defaultConfigurationIsVisible = 0;
			defaultConfigurationName = Release;
		};
/* End XCConfigurationList section */
	};
	rootObject = A52337EF24777C7600BF049E /* Project object */;
}
