// !$*UTF8*$!
{
	archiveVersion = 1;
	classes = {
	};
	objectVersion = 50;
	objects = {

/* Begin PBXBuildFile section */
		A519A393247FF93C00125C63 /* Main.storyboard in Resources */ = {isa = PBXBuildFile; fileRef = A523380024777C7600BF049E /* Main.storyboard */; };
		A519A394247FF93C00125C63 /* LaunchScreen.storyboard in Resources */ = {isa = PBXBuildFile; fileRef = A523380524777C7800BF049E /* LaunchScreen.storyboard */; };
		A519A398247FF96B00125C63 /* SwiftyJSON.framework in Frameworks */ = {isa = PBXBuildFile; fileRef = A519A395247FF96B00125C63 /* SwiftyJSON.framework */; };
		A519A399247FF96B00125C63 /* SwiftyJSON.framework in Embed Frameworks */ = {isa = PBXBuildFile; fileRef = A519A395247FF96B00125C63 /* SwiftyJSON.framework */; settings = {ATTRIBUTES = (CodeSignOnCopy, RemoveHeadersOnCopy, ); }; };
		A519A39A247FF96B00125C63 /* Alamofire.framework in Frameworks */ = {isa = PBXBuildFile; fileRef = A519A396247FF96B00125C63 /* Alamofire.framework */; };
		A519A39B247FF96B00125C63 /* Alamofire.framework in Embed Frameworks */ = {isa = PBXBuildFile; fileRef = A519A396247FF96B00125C63 /* Alamofire.framework */; settings = {ATTRIBUTES = (CodeSignOnCopy, RemoveHeadersOnCopy, ); }; };
		A519A39C247FF96B00125C63 /* Kingfisher.framework in Frameworks */ = {isa = PBXBuildFile; fileRef = A519A397247FF96B00125C63 /* Kingfisher.framework */; };
		A519A39D247FF96B00125C63 /* Kingfisher.framework in Embed Frameworks */ = {isa = PBXBuildFile; fileRef = A519A397247FF96B00125C63 /* Kingfisher.framework */; settings = {ATTRIBUTES = (CodeSignOnCopy, RemoveHeadersOnCopy, ); }; };
		A519A3A6247FF9B200125C63 /* HomeworkDay4Tests.swift in Sources */ = {isa = PBXBuildFile; fileRef = A519A3A5247FF9B200125C63 /* HomeworkDay4Tests.swift */; };
		A52337FB24777C7600BF049E /* AppDelegate.swift in Sources */ = {isa = PBXBuildFile; fileRef = A52337FA24777C7600BF049E /* AppDelegate.swift */; };
		A52337FD24777C7600BF049E /* SceneDelegate.swift in Sources */ = {isa = PBXBuildFile; fileRef = A52337FC24777C7600BF049E /* SceneDelegate.swift */; };
		A523380424777C7800BF049E /* Assets.xcassets in Resources */ = {isa = PBXBuildFile; fileRef = A523380324777C7800BF049E /* Assets.xcassets */; };
		A5C5E8DA248397C6008259A0 /* HomeworkDay4UITests.swift in Sources */ = {isa = PBXBuildFile; fileRef = A5C5E8D9248397C6008259A0 /* HomeworkDay4UITests.swift */; };
		A5C5E8E22483A0A1008259A0 /* SnapshotHelper.swift in Sources */ = {isa = PBXBuildFile; fileRef = A5C5E8E12483A0A0008259A0 /* SnapshotHelper.swift */; };
/* End PBXBuildFile section */

/* Begin PBXContainerItemProxy section */
		A519A3A8247FF9B200125C63 /* PBXContainerItemProxy */ = {
			isa = PBXContainerItemProxy;
			containerPortal = A52337EF24777C7600BF049E /* Project object */;
			proxyType = 1;
			remoteGlobalIDString = A52337F624777C7600BF049E;
			remoteInfo = HomeworkDay4;
		};
		A5C5E8DC248397C6008259A0 /* PBXContainerItemProxy */ = {
			isa = PBXContainerItemProxy;
			containerPortal = A52337EF24777C7600BF049E /* Project object */;
			proxyType = 1;
			remoteGlobalIDString = A52337F624777C7600BF049E;
			remoteInfo = HomeworkDay4;
		};
/* End PBXContainerItemProxy section */

/* Begin PBXCopyFilesBuildPhase section */
		A519A39E247FF96B00125C63 /* Embed Frameworks */ = {
			isa = PBXCopyFilesBuildPhase;
			buildActionMask = 2147483647;
			dstPath = "";
			dstSubfolderSpec = 10;
			files = (
				A519A399247FF96B00125C63 /* SwiftyJSON.framework in Embed Frameworks */,
				A519A39D247FF96B00125C63 /* Kingfisher.framework in Embed Frameworks */,
				A519A39B247FF96B00125C63 /* Alamofire.framework in Embed Frameworks */,
			);
			name = "Embed Frameworks";
			runOnlyForDeploymentPostprocessing = 0;
		};
/* End PBXCopyFilesBuildPhase section */

/* Begin PBXFileReference section */
		A519A395247FF96B00125C63 /* SwiftyJSON.framework */ = {isa = PBXFileReference; lastKnownFileType = wrapper.framework; name = SwiftyJSON.framework; path = Carthage/Build/iOS/SwiftyJSON.framework; sourceTree = "<group>"; };
		A519A396247FF96B00125C63 /* Alamofire.framework */ = {isa = PBXFileReference; lastKnownFileType = wrapper.framework; name = Alamofire.framework; path = Carthage/Build/iOS/Alamofire.framework; sourceTree = "<group>"; };
		A519A397247FF96B00125C63 /* Kingfisher.framework */ = {isa = PBXFileReference; lastKnownFileType = wrapper.framework; name = Kingfisher.framework; path = Carthage/Build/iOS/Kingfisher.framework; sourceTree = "<group>"; };
		A519A3A3247FF9B100125C63 /* HomeworkDay4Tests.xctest */ = {isa = PBXFileReference; explicitFileType = wrapper.cfbundle; includeInIndex = 0; path = HomeworkDay4Tests.xctest; sourceTree = BUILT_PRODUCTS_DIR; };
		A519A3A5247FF9B200125C63 /* HomeworkDay4Tests.swift */ = {isa = PBXFileReference; lastKnownFileType = sourcecode.swift; path = HomeworkDay4Tests.swift; sourceTree = "<group>"; };
		A519A3A7247FF9B200125C63 /* Info.plist */ = {isa = PBXFileReference; lastKnownFileType = text.plist.xml; path = Info.plist; sourceTree = "<group>"; };
		A52337F724777C7600BF049E /* HomeworkDay4.app */ = {isa = PBXFileReference; explicitFileType = wrapper.application; includeInIndex = 0; path = HomeworkDay4.app; sourceTree = BUILT_PRODUCTS_DIR; };
		A52337FA24777C7600BF049E /* AppDelegate.swift */ = {isa = PBXFileReference; lastKnownFileType = sourcecode.swift; path = AppDelegate.swift; sourceTree = "<group>"; };
		A52337FC24777C7600BF049E /* SceneDelegate.swift */ = {isa = PBXFileReference; lastKnownFileType = sourcecode.swift; path = SceneDelegate.swift; sourceTree = "<group>"; };
		A523380124777C7600BF049E /* Base */ = {isa = PBXFileReference; lastKnownFileType = file.storyboard; name = Base; path = Base.lproj/Main.storyboard; sourceTree = "<group>"; };
		A523380324777C7800BF049E /* Assets.xcassets */ = {isa = PBXFileReference; lastKnownFileType = folder.assetcatalog; path = Assets.xcassets; sourceTree = "<group>"; };
		A523380624777C7800BF049E /* Base */ = {isa = PBXFileReference; lastKnownFileType = file.storyboard; name = Base; path = Base.lproj/LaunchScreen.storyboard; sourceTree = "<group>"; };
		A523380824777C7800BF049E /* Info.plist */ = {isa = PBXFileReference; lastKnownFileType = text.plist.xml; path = Info.plist; sourceTree = "<group>"; };
		A5C5E8D7248397C6008259A0 /* HomeworkDay4UITests.xctest */ = {isa = PBXFileReference; explicitFileType = wrapper.cfbundle; includeInIndex = 0; path = HomeworkDay4UITests.xctest; sourceTree = BUILT_PRODUCTS_DIR; };
		A5C5E8D9248397C6008259A0 /* HomeworkDay4UITests.swift */ = {isa = PBXFileReference; lastKnownFileType = sourcecode.swift; path = HomeworkDay4UITests.swift; sourceTree = "<group>"; };
		A5C5E8DB248397C6008259A0 /* Info.plist */ = {isa = PBXFileReference; lastKnownFileType = text.plist.xml; path = Info.plist; sourceTree = "<group>"; };
		A5C5E8E12483A0A0008259A0 /* SnapshotHelper.swift */ = {isa = PBXFileReference; fileEncoding = 4; lastKnownFileType = sourcecode.swift; name = SnapshotHelper.swift; path = fastlane/SnapshotHelper.swift; sourceTree = SOURCE_ROOT; };
/* End PBXFileReference section */

/* Begin PBXFrameworksBuildPhase section */
		A519A3A0247FF9B100125C63 /* Frameworks */ = {
			isa = PBXFrameworksBuildPhase;
			buildActionMask = 2147483647;
			files = (
			);
			runOnlyForDeploymentPostprocessing = 0;
		};
		A52337F424777C7600BF049E /* Frameworks */ = {
			isa = PBXFrameworksBuildPhase;
			buildActionMask = 2147483647;
			files = (
				A519A398247FF96B00125C63 /* SwiftyJSON.framework in Frameworks */,
				A519A39C247FF96B00125C63 /* Kingfisher.framework in Frameworks */,
				A519A39A247FF96B00125C63 /* Alamofire.framework in Frameworks */,
			);
			runOnlyForDeploymentPostprocessing = 0;
		};
		A5C5E8D4248397C6008259A0 /* Frameworks */ = {
			isa = PBXFrameworksBuildPhase;
			buildActionMask = 2147483647;
			files = (
			);
			runOnlyForDeploymentPostprocessing = 0;
		};
/* End PBXFrameworksBuildPhase section */

/* Begin PBXGroup section */
		A519A3A4247FF9B100125C63 /* HomeworkDay4Tests */ = {
			isa = PBXGroup;
			children = (
				A519A3A5247FF9B200125C63 /* HomeworkDay4Tests.swift */,
				A519A3A7247FF9B200125C63 /* Info.plist */,
			);
			path = HomeworkDay4Tests;
			sourceTree = "<group>";
		};
		A52337EE24777C7600BF049E = {
			isa = PBXGroup;
			children = (
				A52337F924777C7600BF049E /* HomeworkDay4 */,
				A519A3A4247FF9B100125C63 /* HomeworkDay4Tests */,
				A5C5E8D8248397C6008259A0 /* HomeworkDay4UITests */,
				A52337F824777C7600BF049E /* Products */,
				A523381824779A0F00BF049E /* Frameworks */,
			);
			sourceTree = "<group>";
		};
		A52337F824777C7600BF049E /* Products */ = {
			isa = PBXGroup;
			children = (
				A52337F724777C7600BF049E /* HomeworkDay4.app */,
				A519A3A3247FF9B100125C63 /* HomeworkDay4Tests.xctest */,
				A5C5E8D7248397C6008259A0 /* HomeworkDay4UITests.xctest */,
			);
			name = Products;
			sourceTree = "<group>";
		};
		A52337F924777C7600BF049E /* HomeworkDay4 */ = {
			isa = PBXGroup;
			children = (
				A52337FA24777C7600BF049E /* AppDelegate.swift */,
				A52337FC24777C7600BF049E /* SceneDelegate.swift */,
				A523380024777C7600BF049E /* Main.storyboard */,
				A523380324777C7800BF049E /* Assets.xcassets */,
				A523380524777C7800BF049E /* LaunchScreen.storyboard */,
				A523380824777C7800BF049E /* Info.plist */,
			);
			path = HomeworkDay4;
			sourceTree = "<group>";
		};
		A523381824779A0F00BF049E /* Frameworks */ = {
			isa = PBXGroup;
			children = (
				A519A396247FF96B00125C63 /* Alamofire.framework */,
				A519A397247FF96B00125C63 /* Kingfisher.framework */,
				A519A395247FF96B00125C63 /* SwiftyJSON.framework */,
			);
			name = Frameworks;
			sourceTree = "<group>";
		};
		A5C5E8D8248397C6008259A0 /* HomeworkDay4UITests */ = {
			isa = PBXGroup;
			children = (
				A5C5E8D9248397C6008259A0 /* HomeworkDay4UITests.swift */,
				A5C5E8E12483A0A0008259A0 /* SnapshotHelper.swift */,
				A5C5E8DB248397C6008259A0 /* Info.plist */,
			);
			path = HomeworkDay4UITests;
			sourceTree = "<group>";
		};
/* End PBXGroup section */

/* Begin PBXNativeTarget section */
		A519A3A2247FF9B100125C63 /* HomeworkDay4Tests */ = {
			isa = PBXNativeTarget;
			buildConfigurationList = A519A3AA247FF9B200125C63 /* Build configuration list for PBXNativeTarget "HomeworkDay4Tests" */;
			buildPhases = (
				A519A39F247FF9B100125C63 /* Sources */,
				A519A3A0247FF9B100125C63 /* Frameworks */,
				A519A3A1247FF9B100125C63 /* Resources */,
				A56EE8AC247FFC9B00837E24 /* ShellScript */,
			);
			buildRules = (
			);
			dependencies = (
				A519A3A9247FF9B200125C63 /* PBXTargetDependency */,
			);
			name = HomeworkDay4Tests;
			productName = HomeworkDay4Tests;
			productReference = A519A3A3247FF9B100125C63 /* HomeworkDay4Tests.xctest */;
			productType = "com.apple.product-type.bundle.unit-test";
		};
		A52337F624777C7600BF049E /* HomeworkDay4 */ = {
			isa = PBXNativeTarget;
			buildConfigurationList = A523380B24777C7800BF049E /* Build configuration list for PBXNativeTarget "HomeworkDay4" */;
			buildPhases = (
				A52337F324777C7600BF049E /* Sources */,
				A52337F424777C7600BF049E /* Frameworks */,
				A52337F524777C7600BF049E /* Resources */,
				A519A39E247FF96B00125C63 /* Embed Frameworks */,
			);
			buildRules = (
			);
			dependencies = (
			);
			name = HomeworkDay4;
			productName = HomeworkDay4;
			productReference = A52337F724777C7600BF049E /* HomeworkDay4.app */;
			productType = "com.apple.product-type.application";
		};
		A5C5E8D6248397C6008259A0 /* HomeworkDay4UITests */ = {
			isa = PBXNativeTarget;
			buildConfigurationList = A5C5E8E0248397C6008259A0 /* Build configuration list for PBXNativeTarget "HomeworkDay4UITests" */;
			buildPhases = (
				A5C5E8D3248397C6008259A0 /* Sources */,
				A5C5E8D4248397C6008259A0 /* Frameworks */,
				A5C5E8D5248397C6008259A0 /* Resources */,
			);
			buildRules = (
			);
			dependencies = (
				A5C5E8DD248397C6008259A0 /* PBXTargetDependency */,
			);
			name = HomeworkDay4UITests;
			productName = HomeworkDay4UITests;
			productReference = A5C5E8D7248397C6008259A0 /* HomeworkDay4UITests.xctest */;
			productType = "com.apple.product-type.bundle.ui-testing";
		};
/* End PBXNativeTarget section */

/* Begin PBXProject section */
		A52337EF24777C7600BF049E /* Project object */ = {
			isa = PBXProject;
			attributes = {
				LastSwiftUpdateCheck = 1150;
				LastUpgradeCheck = 1140;
				ORGANIZATIONNAME = "Fumiaki Kobayashi";
				TargetAttributes = {
					A519A3A2247FF9B100125C63 = {
						CreatedOnToolsVersion = 11.5;
						TestTargetID = A52337F624777C7600BF049E;
					};
					A52337F624777C7600BF049E = {
						CreatedOnToolsVersion = 11.4.1;
					};
					A5C5E8D6248397C6008259A0 = {
						CreatedOnToolsVersion = 11.5;
						TestTargetID = A52337F624777C7600BF049E;
					};
				};
			};
			buildConfigurationList = A52337F224777C7600BF049E /* Build configuration list for PBXProject "HomeworkDay4" */;
			compatibilityVersion = "Xcode 9.3";
			developmentRegion = en;
			hasScannedForEncodings = 0;
			knownRegions = (
				en,
				Base,
			);
			mainGroup = A52337EE24777C7600BF049E;
			productRefGroup = A52337F824777C7600BF049E /* Products */;
			projectDirPath = "";
			projectRoot = "";
			targets = (
				A52337F624777C7600BF049E /* HomeworkDay4 */,
				A519A3A2247FF9B100125C63 /* HomeworkDay4Tests */,
				A5C5E8D6248397C6008259A0 /* HomeworkDay4UITests */,
			);
		};
/* End PBXProject section */

/* Begin PBXResourcesBuildPhase section */
		A519A3A1247FF9B100125C63 /* Resources */ = {
			isa = PBXResourcesBuildPhase;
			buildActionMask = 2147483647;
			files = (
			);
			runOnlyForDeploymentPostprocessing = 0;
		};
		A52337F524777C7600BF049E /* Resources */ = {
			isa = PBXResourcesBuildPhase;
			buildActionMask = 2147483647;
			files = (
				A519A393247FF93C00125C63 /* Main.storyboard in Resources */,
				A519A394247FF93C00125C63 /* LaunchScreen.storyboard in Resources */,
				A523380424777C7800BF049E /* Assets.xcassets in Resources */,
			);
			runOnlyForDeploymentPostprocessing = 0;
		};
		A5C5E8D5248397C6008259A0 /* Resources */ = {
			isa = PBXResourcesBuildPhase;
			buildActionMask = 2147483647;
			files = (
			);
			runOnlyForDeploymentPostprocessing = 0;
		};
/* End PBXResourcesBuildPhase section */

/* Begin PBXShellScriptBuildPhase section */
		A56EE8AC247FFC9B00837E24 /* ShellScript */ = {
			isa = PBXShellScriptBuildPhase;
			buildActionMask = 2147483647;
			files = (
			);
			inputFileListPaths = (
			);
			inputPaths = (
			);
			outputFileListPaths = (
			);
			outputPaths = (
			);
			runOnlyForDeploymentPostprocessing = 0;
			shellPath = /bin/sh;
			shellScript = "# Type a script or drag a script file from your workspace to insert its path.\nif which swiftlint >/dev/null; then\n  swiftlint\nelse\n  echo \"warning: SwiftLint not installed, download from https://github.com/realm/SwiftLint\"\nfi\n";
		};
/* End PBXShellScriptBuildPhase section */

/* Begin PBXSourcesBuildPhase section */
		A519A39F247FF9B100125C63 /* Sources */ = {
			isa = PBXSourcesBuildPhase;
			buildActionMask = 2147483647;
			files = (
				A519A3A6247FF9B200125C63 /* HomeworkDay4Tests.swift in Sources */,
			);
			runOnlyForDeploymentPostprocessing = 0;
		};
		A52337F324777C7600BF049E /* Sources */ = {
			isa = PBXSourcesBuildPhase;
			buildActionMask = 2147483647;
			files = (
				A52337FB24777C7600BF049E /* AppDelegate.swift in Sources */,
				A52337FD24777C7600BF049E /* SceneDelegate.swift in Sources */,
			);
			runOnlyForDeploymentPostprocessing = 0;
		};
		A5C5E8D3248397C6008259A0 /* Sources */ = {
			isa = PBXSourcesBuildPhase;
			buildActionMask = 2147483647;
			files = (
				A5C5E8DA248397C6008259A0 /* HomeworkDay4UITests.swift in Sources */,
				A5C5E8E22483A0A1008259A0 /* SnapshotHelper.swift in Sources */,
			);
			runOnlyForDeploymentPostprocessing = 0;
		};
/* End PBXSourcesBuildPhase section */

/* Begin PBXTargetDependency section */
		A519A3A9247FF9B200125C63 /* PBXTargetDependency */ = {
			isa = PBXTargetDependency;
			target = A52337F624777C7600BF049E /* HomeworkDay4 */;
			targetProxy = A519A3A8247FF9B200125C63 /* PBXContainerItemProxy */;
		};
		A5C5E8DD248397C6008259A0 /* PBXTargetDependency */ = {
			isa = PBXTargetDependency;
			target = A52337F624777C7600BF049E /* HomeworkDay4 */;
			targetProxy = A5C5E8DC248397C6008259A0 /* PBXContainerItemProxy */;
		};
/* End PBXTargetDependency section */

/* Begin PBXVariantGroup section */
		A523380024777C7600BF049E /* Main.storyboard */ = {
			isa = PBXVariantGroup;
			children = (
				A523380124777C7600BF049E /* Base */,
			);
			name = Main.storyboard;
			sourceTree = "<group>";
		};
		A523380524777C7800BF049E /* LaunchScreen.storyboard */ = {
			isa = PBXVariantGroup;
			children = (
				A523380624777C7800BF049E /* Base */,
			);
			name = LaunchScreen.storyboard;
			sourceTree = "<group>";
		};
/* End PBXVariantGroup section */

/* Begin XCBuildConfiguration section */
		A519A3AB247FF9B200125C63 /* Debug */ = {
			isa = XCBuildConfiguration;
			buildSettings = {
				BUNDLE_LOADER = "$(TEST_HOST)";
				CODE_SIGN_STYLE = Automatic;
				DEVELOPMENT_TEAM = QCVJB22ZX4;
				FRAMEWORK_SEARCH_PATHS = "$(PROJECT_DIR)/Carthage/Build/iOS";
				INFOPLIST_FILE = HomeworkDay4Tests/Info.plist;
				IPHONEOS_DEPLOYMENT_TARGET = 13.5;
				LD_RUNPATH_SEARCH_PATHS = (
					"$(inherited)",
					"@executable_path/Frameworks",
					"@loader_path/Frameworks",
				);
				PRODUCT_BUNDLE_IDENTIFIER = "jp.co.nissan.mail.fumiaki-kobayashi.HomeworkDay4Tests";
				PRODUCT_NAME = "$(TARGET_NAME)";
				SWIFT_VERSION = 5.0;
				TARGETED_DEVICE_FAMILY = "1,2";
				TEST_HOST = "$(BUILT_PRODUCTS_DIR)/HomeworkDay4.app/HomeworkDay4";
			};
			name = Debug;
		};
		A519A3AC247FF9B200125C63 /* Release */ = {
			isa = XCBuildConfiguration;
			buildSettings = {
				BUNDLE_LOADER = "$(TEST_HOST)";
				CODE_SIGN_STYLE = Automatic;
				DEVELOPMENT_TEAM = QCVJB22ZX4;
				FRAMEWORK_SEARCH_PATHS = "$(PROJECT_DIR)/Carthage/Build/iOS";
				INFOPLIST_FILE = HomeworkDay4Tests/Info.plist;
				IPHONEOS_DEPLOYMENT_TARGET = 13.5;
				LD_RUNPATH_SEARCH_PATHS = (
					"$(inherited)",
					"@executable_path/Frameworks",
					"@loader_path/Frameworks",
				);
				PRODUCT_BUNDLE_IDENTIFIER = "jp.co.nissan.mail.fumiaki-kobayashi.HomeworkDay4Tests";
				PRODUCT_NAME = "$(TARGET_NAME)";
				SWIFT_VERSION = 5.0;
				TARGETED_DEVICE_FAMILY = "1,2";
				TEST_HOST = "$(BUILT_PRODUCTS_DIR)/HomeworkDay4.app/HomeworkDay4";
			};
			name = Release;
		};
		A523380924777C7800BF049E /* Debug */ = {
			isa = XCBuildConfiguration;
			buildSettings = {
				ALWAYS_SEARCH_USER_PATHS = NO;
				CLANG_ANALYZER_NONNULL = YES;
				CLANG_ANALYZER_NUMBER_OBJECT_CONVERSION = YES_AGGRESSIVE;
				CLANG_CXX_LANGUAGE_STANDARD = "gnu++14";
				CLANG_CXX_LIBRARY = "libc++";
				CLANG_ENABLE_MODULES = YES;
				CLANG_ENABLE_OBJC_ARC = YES;
				CLANG_ENABLE_OBJC_WEAK = YES;
				CLANG_WARN_BLOCK_CAPTURE_AUTORELEASING = YES;
				CLANG_WARN_BOOL_CONVERSION = YES;
				CLANG_WARN_COMMA = YES;
				CLANG_WARN_CONSTANT_CONVERSION = YES;
				CLANG_WARN_DEPRECATED_OBJC_IMPLEMENTATIONS = YES;
				CLANG_WARN_DIRECT_OBJC_ISA_USAGE = YES_ERROR;
				CLANG_WARN_DOCUMENTATION_COMMENTS = YES;
				CLANG_WARN_EMPTY_BODY = YES;
				CLANG_WARN_ENUM_CONVERSION = YES;
				CLANG_WARN_INFINITE_RECURSION = YES;
				CLANG_WARN_INT_CONVERSION = YES;
				CLANG_WARN_NON_LITERAL_NULL_CONVERSION = YES;
				CLANG_WARN_OBJC_IMPLICIT_RETAIN_SELF = YES;
				CLANG_WARN_OBJC_LITERAL_CONVERSION = YES;
				CLANG_WARN_OBJC_ROOT_CLASS = YES_ERROR;
				CLANG_WARN_RANGE_LOOP_ANALYSIS = YES;
				CLANG_WARN_STRICT_PROTOTYPES = YES;
				CLANG_WARN_SUSPICIOUS_MOVE = YES;
				CLANG_WARN_UNGUARDED_AVAILABILITY = YES_AGGRESSIVE;
				CLANG_WARN_UNREACHABLE_CODE = YES;
				CLANG_WARN__DUPLICATE_METHOD_MATCH = YES;
				COPY_PHASE_STRIP = NO;
				DEBUG_INFORMATION_FORMAT = dwarf;
				ENABLE_STRICT_OBJC_MSGSEND = YES;
				ENABLE_TESTABILITY = YES;
				GCC_C_LANGUAGE_STANDARD = gnu11;
				GCC_DYNAMIC_NO_PIC = NO;
				GCC_NO_COMMON_BLOCKS = YES;
				GCC_OPTIMIZATION_LEVEL = 0;
				GCC_PREPROCESSOR_DEFINITIONS = (
					"DEBUG=1",
					"$(inherited)",
				);
				GCC_WARN_64_TO_32_BIT_CONVERSION = YES;
				GCC_WARN_ABOUT_RETURN_TYPE = YES_ERROR;
				GCC_WARN_UNDECLARED_SELECTOR = YES;
				GCC_WARN_UNINITIALIZED_AUTOS = YES_AGGRESSIVE;
				GCC_WARN_UNUSED_FUNCTION = YES;
				GCC_WARN_UNUSED_VARIABLE = YES;
				IPHONEOS_DEPLOYMENT_TARGET = 13.4;
				MTL_ENABLE_DEBUG_INFO = INCLUDE_SOURCE;
				MTL_FAST_MATH = YES;
				ONLY_ACTIVE_ARCH = YES;
				SDKROOT = iphoneos;
				SWIFT_ACTIVE_COMPILATION_CONDITIONS = DEBUG;
				SWIFT_OPTIMIZATION_LEVEL = "-Onone";
			};
			name = Debug;
		};
		A523380A24777C7800BF049E /* Release */ = {
			isa = XCBuildConfiguration;
			buildSettings = {
				ALWAYS_SEARCH_USER_PATHS = NO;
				CLANG_ANALYZER_NONNULL = YES;
				CLANG_ANALYZER_NUMBER_OBJECT_CONVERSION = YES_AGGRESSIVE;
				CLANG_CXX_LANGUAGE_STANDARD = "gnu++14";
				CLANG_CXX_LIBRARY = "libc++";
				CLANG_ENABLE_MODULES = YES;
				CLANG_ENABLE_OBJC_ARC = YES;
				CLANG_ENABLE_OBJC_WEAK = YES;
				CLANG_WARN_BLOCK_CAPTURE_AUTORELEASING = YES;
				CLANG_WARN_BOOL_CONVERSION = YES;
				CLANG_WARN_COMMA = YES;
				CLANG_WARN_CONSTANT_CONVERSION = YES;
				CLANG_WARN_DEPRECATED_OBJC_IMPLEMENTATIONS = YES;
				CLANG_WARN_DIRECT_OBJC_ISA_USAGE = YES_ERROR;
				CLANG_WARN_DOCUMENTATION_COMMENTS = YES;
				CLANG_WARN_EMPTY_BODY = YES;
				CLANG_WARN_ENUM_CONVERSION = YES;
				CLANG_WARN_INFINITE_RECURSION = YES;
				CLANG_WARN_INT_CONVERSION = YES;
				CLANG_WARN_NON_LITERAL_NULL_CONVERSION = YES;
				CLANG_WARN_OBJC_IMPLICIT_RETAIN_SELF = YES;
				CLANG_WARN_OBJC_LITERAL_CONVERSION = YES;
				CLANG_WARN_OBJC_ROOT_CLASS = YES_ERROR;
				CLANG_WARN_RANGE_LOOP_ANALYSIS = YES;
				CLANG_WARN_STRICT_PROTOTYPES = YES;
				CLANG_WARN_SUSPICIOUS_MOVE = YES;
				CLANG_WARN_UNGUARDED_AVAILABILITY = YES_AGGRESSIVE;
				CLANG_WARN_UNREACHABLE_CODE = YES;
				CLANG_WARN__DUPLICATE_METHOD_MATCH = YES;
				COPY_PHASE_STRIP = NO;
				DEBUG_INFORMATION_FORMAT = "dwarf-with-dsym";
				ENABLE_NS_ASSERTIONS = NO;
				ENABLE_STRICT_OBJC_MSGSEND = YES;
				GCC_C_LANGUAGE_STANDARD = gnu11;
				GCC_NO_COMMON_BLOCKS = YES;
				GCC_WARN_64_TO_32_BIT_CONVERSION = YES;
				GCC_WARN_ABOUT_RETURN_TYPE = YES_ERROR;
				GCC_WARN_UNDECLARED_SELECTOR = YES;
				GCC_WARN_UNINITIALIZED_AUTOS = YES_AGGRESSIVE;
				GCC_WARN_UNUSED_FUNCTION = YES;
				GCC_WARN_UNUSED_VARIABLE = YES;
				IPHONEOS_DEPLOYMENT_TARGET = 13.4;
				MTL_ENABLE_DEBUG_INFO = NO;
				MTL_FAST_MATH = YES;
				SDKROOT = iphoneos;
				SWIFT_COMPILATION_MODE = wholemodule;
				SWIFT_OPTIMIZATION_LEVEL = "-O";
				VALIDATE_PRODUCT = YES;
			};
			name = Release;
		};
		A523380C24777C7800BF049E /* Debug */ = {
			isa = XCBuildConfiguration;
			buildSettings = {
				ASSETCATALOG_COMPILER_APPICON_NAME = AppIcon;
				CODE_SIGN_STYLE = Automatic;
				DEVELOPMENT_TEAM = QCVJB22ZX4;
				FRAMEWORK_SEARCH_PATHS = "$(PROJECT_DIR)/Carthage/Build/iOS";
				INFOPLIST_FILE = HomeworkDay4/Info.plist;
				LD_RUNPATH_SEARCH_PATHS = (
					"$(inherited)",
					"@executable_path/Frameworks",
				);
				PRODUCT_BUNDLE_IDENTIFIER = "jp.co.nissan.mail.fumiaki-kobayashi.HomeworkDay4";
				PRODUCT_NAME = "$(TARGET_NAME)";
				SWIFT_VERSION = 5.0;
				TARGETED_DEVICE_FAMILY = 1;
			};
			name = Debug;
		};
		A523380D24777C7800BF049E /* Release */ = {
			isa = XCBuildConfiguration;
			buildSettings = {
				ASSETCATALOG_COMPILER_APPICON_NAME = AppIcon;
				CODE_SIGN_STYLE = Automatic;
				DEVELOPMENT_TEAM = QCVJB22ZX4;
				FRAMEWORK_SEARCH_PATHS = "$(PROJECT_DIR)/Carthage/Build/iOS";
				INFOPLIST_FILE = HomeworkDay4/Info.plist;
				LD_RUNPATH_SEARCH_PATHS = (
					"$(inherited)",
					"@executable_path/Frameworks",
				);
				PRODUCT_BUNDLE_IDENTIFIER = "jp.co.nissan.mail.fumiaki-kobayashi.HomeworkDay4";
				PRODUCT_NAME = "$(TARGET_NAME)";
				SWIFT_VERSION = 5.0;
				TARGETED_DEVICE_FAMILY = 1;
			};
			name = Release;
		};
		A5C5E8DE248397C6008259A0 /* Debug */ = {
			isa = XCBuildConfiguration;
			buildSettings = {
				CODE_SIGN_STYLE = Automatic;
				DEVELOPMENT_TEAM = QCVJB22ZX4;
				INFOPLIST_FILE = HomeworkDay4UITests/Info.plist;
				IPHONEOS_DEPLOYMENT_TARGET = 13.5;
				LD_RUNPATH_SEARCH_PATHS = (
					"$(inherited)",
					"@executable_path/Frameworks",
					"@loader_path/Frameworks",
				);
				PRODUCT_BUNDLE_IDENTIFIER = "jp.co.nissan.mail.fumiaki-kobayashi.HomeworkDay4UITests";
				PRODUCT_NAME = "$(TARGET_NAME)";
				SWIFT_VERSION = 5.0;
				TARGETED_DEVICE_FAMILY = "1,2";
				TEST_TARGET_NAME = HomeworkDay4;
			};
			name = Debug;
		};
		A5C5E8DF248397C6008259A0 /* Release */ = {
			isa = XCBuildConfiguration;
			buildSettings = {
				CODE_SIGN_STYLE = Automatic;
				DEVELOPMENT_TEAM = QCVJB22ZX4;
				INFOPLIST_FILE = HomeworkDay4UITests/Info.plist;
				IPHONEOS_DEPLOYMENT_TARGET = 13.5;
				LD_RUNPATH_SEARCH_PATHS = (
					"$(inherited)",
					"@executable_path/Frameworks",
					"@loader_path/Frameworks",
				);
				PRODUCT_BUNDLE_IDENTIFIER = "jp.co.nissan.mail.fumiaki-kobayashi.HomeworkDay4UITests";
				PRODUCT_NAME = "$(TARGET_NAME)";
				SWIFT_VERSION = 5.0;
				TARGETED_DEVICE_FAMILY = "1,2";
				TEST_TARGET_NAME = HomeworkDay4;
			};
			name = Release;
		};
/* End XCBuildConfiguration section */

/* Begin XCConfigurationList section */
		A519A3AA247FF9B200125C63 /* Build configuration list for PBXNativeTarget "HomeworkDay4Tests" */ = {
			isa = XCConfigurationList;
			buildConfigurations = (
				A519A3AB247FF9B200125C63 /* Debug */,
				A519A3AC247FF9B200125C63 /* Release */,
			);
			defaultConfigurationIsVisible = 0;
			defaultConfigurationName = Release;
		};
		A52337F224777C7600BF049E /* Build configuration list for PBXProject "HomeworkDay4" */ = {
			isa = XCConfigurationList;
			buildConfigurations = (
				A523380924777C7800BF049E /* Debug */,
				A523380A24777C7800BF049E /* Release */,
			);
			defaultConfigurationIsVisible = 0;
			defaultConfigurationName = Release;
		};
		A523380B24777C7800BF049E /* Build configuration list for PBXNativeTarget "HomeworkDay4" */ = {
			isa = XCConfigurationList;
			buildConfigurations = (
				A523380C24777C7800BF049E /* Debug */,
				A523380D24777C7800BF049E /* Release */,
			);
			defaultConfigurationIsVisible = 0;
			defaultConfigurationName = Release;
		};
		A5C5E8E0248397C6008259A0 /* Build configuration list for PBXNativeTarget "HomeworkDay4UITests" */ = {
			isa = XCConfigurationList;
			buildConfigurations = (
				A5C5E8DE248397C6008259A0 /* Debug */,
				A5C5E8DF248397C6008259A0 /* Release */,
			);
			defaultConfigurationIsVisible = 0;
			defaultConfigurationName = Release;
		};
/* End XCConfigurationList section */
	};
	rootObject = A52337EF24777C7600BF049E /* Project object */;
}
